
Microsoft Visual Studio Solution File, Format Version 12.00
# Visual Studio Version 17
VisualStudioVersion = 17.6.33829.357
MinimumVisualStudioVersion = 10.0.40219.1
Project("{FAE04EC0-301F-11D3-BF4B-00C04F79EFBC}") = "Ts3Spoofer", "Ts3Spoofer\Ts3Spoofer.csproj", "{8C22E5DB-3291-4126-892A-EA7097233F75}"
EndProject
Global
	GlobalSection(SolutionConfigurationPlatforms) = preSolution
		Debug|Any CPU = Debug|Any CPU
		Release|Any CPU = Release|Any CPU
	EndGlobalSection
	GlobalSection(ProjectConfigurationPlatforms) = postSolution
		{8C22E5DB-3291-4126-892A-EA7097233F75}.Debug|Any CPU.ActiveCfg = Debug|Any CPU
		{8C22E5DB-3291-4126-892A-EA7097233F75}.Debug|Any CPU.Build.0 = Debug|Any CPU
		{8C22E5DB-3291-4126-892A-EA7097233F75}.Release|Any CPU.ActiveCfg = Release|Any CPU
		{8C22E5DB-3291-4126-892A-EA7097233F75}.Release|Any CPU.Build.0 = Release|Any CPU
	EndGlobalSection
	GlobalSection(SolutionProperties) = preSolution
		HideSolutionNode = FALSE
	EndGlobalSection
	GlobalSection(ExtensibilityGlobals) = postSolution
		SolutionGuid = {8D48DBEC-D7D3-4FD5-AEB1-18A69AAF2578}
	EndGlobalSection
EndGlobal
